
Microsoft Visual Studio Solution File, Format Version 12.00
# Visual Studio Version 17
VisualStudioVersion = 17.5.33424.131
MinimumVisualStudioVersion = 10.0.40219.1
Project("{8BC9CEB8-8B4A-11D0-8D11-00A0C91BC942}") = "C++_ToExpert", "C++_ToExpert.vcxproj", "{7493566D-9E35-4BB2-B36C-6835759A305A}"
EndProject
Global
	GlobalSection(SolutionConfigurationPlatforms) = preSolution
		Debug|x64 = Debug|x64
		Debug|x86 = Debug|x86
		Release|x64 = Release|x64
		Release|x86 = Release|x86
	EndGlobalSection
	GlobalSection(ProjectConfigurationPlatforms) = postSolution
		{7493566D-9E35-4BB2-B36C-6835759A305A}.Debug|x64.ActiveCfg = Debug|x64
		{7493566D-9E35-4BB2-B36C-6835759A305A}.Debug|x64.Build.0 = Debug|x64
		{7493566D-9E35-4BB2-B36C-6835759A305A}.Debug|x86.ActiveCfg = Debug|Win32
		{7493566D-9E35-4BB2-B36C-6835759A305A}.Debug|x86.Build.0 = Debug|Win32
		{7493566D-9E35-4BB2-B36C-6835759A305A}.Release|x64.ActiveCfg = Release|x64
		{7493566D-9E35-4BB2-B36C-6835759A305A}.Release|x64.Build.0 = Release|x64
		{7493566D-9E35-4BB2-B36C-6835759A305A}.Release|x86.ActiveCfg = Release|Win32
		{7493566D-9E35-4BB2-B36C-6835759A305A}.Release|x86.Build.0 = Release|Win32
	EndGlobalSection
	GlobalSection(SolutionProperties) = preSolution
		HideSolutionNode = FALSE
	EndGlobalSection
	GlobalSection(ExtensibilityGlobals) = postSolution
		SolutionGuid = {B980EB32-48D9-4200-80CB-2C7760321002}
	EndGlobalSection
EndGlobal
